
Microsoft Visual Studio Solution File, Format Version 12.00
Project("{FAE04EC0-301F-11D3-BF4B-00C04F79EFBC}") = "lab", "lab\lab.csproj", "{573DDE84-B58F-48AE-87F6-3272A876C61E}"
EndProject
Project("{FAE04EC0-301F-11D3-BF4B-00C04F79EFBC}") = "Calculations", "Calculations\Calculations.csproj", "{5C63BC9E-D36E-480A-B519-931BD47350FD}"
EndProject
Global
	GlobalSection(SolutionConfigurationPlatforms) = preSolution
		Debug|Any CPU = Debug|Any CPU
		Release|Any CPU = Release|Any CPU
	EndGlobalSection
	GlobalSection(ProjectConfigurationPlatforms) = postSolution
		{573DDE84-B58F-48AE-87F6-3272A876C61E}.Debug|Any CPU.ActiveCfg = Debug|Any CPU
		{573DDE84-B58F-48AE-87F6-3272A876C61E}.Debug|Any CPU.Build.0 = Debug|Any CPU
		{573DDE84-B58F-48AE-87F6-3272A876C61E}.Release|Any CPU.ActiveCfg = Release|Any CPU
		{573DDE84-B58F-48AE-87F6-3272A876C61E}.Release|Any CPU.Build.0 = Release|Any CPU
		{5C63BC9E-D36E-480A-B519-931BD47350FD}.Debug|Any CPU.ActiveCfg = Debug|Any CPU
		{5C63BC9E-D36E-480A-B519-931BD47350FD}.Debug|Any CPU.Build.0 = Debug|Any CPU
		{5C63BC9E-D36E-480A-B519-931BD47350FD}.Release|Any CPU.ActiveCfg = Release|Any CPU
		{5C63BC9E-D36E-480A-B519-931BD47350FD}.Release|Any CPU.Build.0 = Release|Any CPU
	EndGlobalSection
EndGlobal
